// !$*UTF8*$!
{
	archiveVersion = 1;
	classes = {
	};
	objectVersion = 46;
	objects = {

/* Begin PBXBuildFile section */
		133368E7DA2B2A92D3FAD3E2 /* libPods-TCOWeather.a in Frameworks */ = {isa = PBXBuildFile; fileRef = 262FC980F6F1A1D826DAA2D9 /* libPods-TCOWeather.a */; };
		D02C00551CF059CC00B2989C /* AppDelegate.swift in Sources */ = {isa = PBXBuildFile; fileRef = D02C00541CF059CC00B2989C /* AppDelegate.swift */; };
		D02C00571CF059CD00B2989C /* TCOBaseViewController.swift in Sources */ = {isa = PBXBuildFile; fileRef = D02C00561CF059CD00B2989C /* TCOBaseViewController.swift */; };
		D02C005A1CF059CE00B2989C /* Main.storyboard in Resources */ = {isa = PBXBuildFile; fileRef = D02C00581CF059CE00B2989C /* Main.storyboard */; };
		D02C005C1CF059CF00B2989C /* Assets.xcassets in Resources */ = {isa = PBXBuildFile; fileRef = D02C005B1CF059CF00B2989C /* Assets.xcassets */; };
		D02C005F1CF059CF00B2989C /* LaunchScreen.storyboard in Resources */ = {isa = PBXBuildFile; fileRef = D02C005D1CF059CF00B2989C /* LaunchScreen.storyboard */; };
		D02C00681CF0621500B2989C /* TCOHomePageViewController.swift in Sources */ = {isa = PBXBuildFile; fileRef = D02C00671CF0621500B2989C /* TCOHomePageViewController.swift */; };
		D02C006D1CF0675400B2989C /* TCOModel.xcdatamodeld in Sources */ = {isa = PBXBuildFile; fileRef = D02C006B1CF0675400B2989C /* TCOModel.xcdatamodeld */; };
		D02C00731CF067EC00B2989C /* TCOWeatherIconFactory.m in Sources */ = {isa = PBXBuildFile; fileRef = D02C00721CF067EC00B2989C /* TCOWeatherIconFactory.m */; };
		D02C009B1CF0721000B2989C /* TCOCondition+CoreDataProperties.m in Sources */ = {isa = PBXBuildFile; fileRef = D02C00881CF0721000B2989C /* TCOCondition+CoreDataProperties.m */; };
		D02C009C1CF0721000B2989C /* TCOCondition.m in Sources */ = {isa = PBXBuildFile; fileRef = D02C008A1CF0721000B2989C /* TCOCondition.m */; };
		D02C00AC1CF087B200B2989C /* OWMClient.swift in Sources */ = {isa = PBXBuildFile; fileRef = D02C00AB1CF087B200B2989C /* OWMClient.swift */; };
		D02C00B21CF09AE500B2989C /* TCOLocationService.m in Sources */ = {isa = PBXBuildFile; fileRef = D02C00B11CF09AE500B2989C /* TCOLocationService.m */; };
		D02C00BA1CF0B13600B2989C /* RKValueTransformer+TCOMethod.m in Sources */ = {isa = PBXBuildFile; fileRef = D02C00B91CF0B13600B2989C /* RKValueTransformer+TCOMethod.m */; };
		D02C00BD1CF0B9A000B2989C /* NSManagedObject+Fetch.m in Sources */ = {isa = PBXBuildFile; fileRef = D02C00BC1CF0B9A000B2989C /* NSManagedObject+Fetch.m */; };
		D02C00BF1CF0BF5C00B2989C /* String+TCOMethod.swift in Sources */ = {isa = PBXBuildFile; fileRef = D02C00BE1CF0BF5C00B2989C /* String+TCOMethod.swift */; };
		D02C00C11CF0C4D500B2989C /* TCOForecastViewController.swift in Sources */ = {isa = PBXBuildFile; fileRef = D02C00C01CF0C4D500B2989C /* TCOForecastViewController.swift */; };
		D02C00C51CF0C96A00B2989C /* TCOBaseTableViewCell.swift in Sources */ = {isa = PBXBuildFile; fileRef = D02C00C41CF0C96A00B2989C /* TCOBaseTableViewCell.swift */; };
		D02C00C71CF0C98E00B2989C /* TCOForecastTableViewCell.swift in Sources */ = {isa = PBXBuildFile; fileRef = D02C00C61CF0C98E00B2989C /* TCOForecastTableViewCell.swift */; };
		D02C00CD1CF0E2A300B2989C /* TCOWeatherDateFormatter.m in Sources */ = {isa = PBXBuildFile; fileRef = D02C00CC1CF0E2A300B2989C /* TCOWeatherDateFormatter.m */; };
		D02C00D61CF0F12A00B2989C /* TCOUserSettings+CoreDataProperties.m in Sources */ = {isa = PBXBuildFile; fileRef = D02C00CF1CF0F12A00B2989C /* TCOUserSettings+CoreDataProperties.m */; };
		D02C00D71CF0F12A00B2989C /* TCOUserSettings.m in Sources */ = {isa = PBXBuildFile; fileRef = D02C00D11CF0F12A00B2989C /* TCOUserSettings.m */; };
		D02C00D81CF0F12A00B2989C /* TCOCity+CoreDataProperties.m in Sources */ = {isa = PBXBuildFile; fileRef = D02C00D31CF0F12A00B2989C /* TCOCity+CoreDataProperties.m */; };
		D02C00D91CF0F12A00B2989C /* TCOCity.m in Sources */ = {isa = PBXBuildFile; fileRef = D02C00D51CF0F12A00B2989C /* TCOCity.m */; };
		D02C00DB1CF0F73900B2989C /* TCOCityListViewController.swift in Sources */ = {isa = PBXBuildFile; fileRef = D02C00DA1CF0F73900B2989C /* TCOCityListViewController.swift */; };
		D02C00DD1CF0FC6D00B2989C /* DefaultCityList.plist in Resources */ = {isa = PBXBuildFile; fileRef = D02C00DC1CF0FC6D00B2989C /* DefaultCityList.plist */; };
		D07CE4581CF103F5004E1048 /* TCONewCityViewController.swift in Sources */ = {isa = PBXBuildFile; fileRef = D07CE4571CF103F5004E1048 /* TCONewCityViewController.swift */; };
		D07CE45B1CF10F0B004E1048 /* UIView+Parallax.m in Sources */ = {isa = PBXBuildFile; fileRef = D07CE45A1CF10F0B004E1048 /* UIView+Parallax.m */; };
/* End PBXBuildFile section */

/* Begin PBXFileReference section */
		00F526F7256FDA74482CB1E3 /* Pods-TCOWeather.release.xcconfig */ = {isa = PBXFileReference; includeInIndex = 1; lastKnownFileType = text.xcconfig; name = "Pods-TCOWeather.release.xcconfig"; path = "Pods/Target Support Files/Pods-TCOWeather/Pods-TCOWeather.release.xcconfig"; sourceTree = "<group>"; };
		262FC980F6F1A1D826DAA2D9 /* libPods-TCOWeather.a */ = {isa = PBXFileReference; explicitFileType = archive.ar; includeInIndex = 0; path = "libPods-TCOWeather.a"; sourceTree = BUILT_PRODUCTS_DIR; };
		B978AE46E7671D285F7DD120 /* Pods-TCOWeather.debug.xcconfig */ = {isa = PBXFileReference; includeInIndex = 1; lastKnownFileType = text.xcconfig; name = "Pods-TCOWeather.debug.xcconfig"; path = "Pods/Target Support Files/Pods-TCOWeather/Pods-TCOWeather.debug.xcconfig"; sourceTree = "<group>"; };
		D02C00511CF059CB00B2989C /* TCOWeather.app */ = {isa = PBXFileReference; explicitFileType = wrapper.application; includeInIndex = 0; path = TCOWeather.app; sourceTree = BUILT_PRODUCTS_DIR; };
		D02C00541CF059CC00B2989C /* AppDelegate.swift */ = {isa = PBXFileReference; lastKnownFileType = sourcecode.swift; path = AppDelegate.swift; sourceTree = "<group>"; };
		D02C00561CF059CD00B2989C /* TCOBaseViewController.swift */ = {isa = PBXFileReference; lastKnownFileType = sourcecode.swift; path = TCOBaseViewController.swift; sourceTree = "<group>"; };
		D02C00591CF059CE00B2989C /* Base */ = {isa = PBXFileReference; lastKnownFileType = file.storyboard; name = Base; path = Base.lproj/Main.storyboard; sourceTree = "<group>"; };
		D02C005B1CF059CF00B2989C /* Assets.xcassets */ = {isa = PBXFileReference; lastKnownFileType = folder.assetcatalog; path = Assets.xcassets; sourceTree = "<group>"; };
		D02C005E1CF059CF00B2989C /* Base */ = {isa = PBXFileReference; lastKnownFileType = file.storyboard; name = Base; path = Base.lproj/LaunchScreen.storyboard; sourceTree = "<group>"; };
		D02C00601CF059CF00B2989C /* Info.plist */ = {isa = PBXFileReference; lastKnownFileType = text.plist.xml; path = Info.plist; sourceTree = "<group>"; };
		D02C00671CF0621500B2989C /* TCOHomePageViewController.swift */ = {isa = PBXFileReference; fileEncoding = 4; lastKnownFileType = sourcecode.swift; name = TCOHomePageViewController.swift; path = ViewControllers/TCOHomePageViewController.swift; sourceTree = "<group>"; };
		D02C006C1CF0675400B2989C /* TCOModel.xcdatamodel */ = {isa = PBXFileReference; lastKnownFileType = wrapper.xcdatamodel; path = TCOModel.xcdatamodel; sourceTree = "<group>"; };
		D02C00701CF067EC00B2989C /* TCOWeather-Bridging-Header.h */ = {isa = PBXFileReference; lastKnownFileType = sourcecode.c.h; path = "TCOWeather-Bridging-Header.h"; sourceTree = "<group>"; };
		D02C00711CF067EC00B2989C /* TCOWeatherIconFactory.h */ = {isa = PBXFileReference; fileEncoding = 4; lastKnownFileType = sourcecode.c.h; name = TCOWeatherIconFactory.h; path = Factory/TCOWeatherIconFactory.h; sourceTree = "<group>"; };
		D02C00721CF067EC00B2989C /* TCOWeatherIconFactory.m */ = {isa = PBXFileReference; fileEncoding = 4; lastKnownFileType = sourcecode.c.objc; name = TCOWeatherIconFactory.m; path = Factory/TCOWeatherIconFactory.m; sourceTree = "<group>"; };
		D02C00871CF0721000B2989C /* TCOCondition+CoreDataProperties.h */ = {isa = PBXFileReference; fileEncoding = 4; lastKnownFileType = sourcecode.c.h; name = "TCOCondition+CoreDataProperties.h"; path = "Model/CoreData/Entity/TCOCondition+CoreDataProperties.h"; sourceTree = "<group>"; };
		D02C00881CF0721000B2989C /* TCOCondition+CoreDataProperties.m */ = {isa = PBXFileReference; fileEncoding = 4; lastKnownFileType = sourcecode.c.objc; name = "TCOCondition+CoreDataProperties.m"; path = "Model/CoreData/Entity/TCOCondition+CoreDataProperties.m"; sourceTree = "<group>"; };
		D02C00891CF0721000B2989C /* TCOCondition.h */ = {isa = PBXFileReference; fileEncoding = 4; lastKnownFileType = sourcecode.c.h; name = TCOCondition.h; path = Model/CoreData/Entity/TCOCondition.h; sourceTree = "<group>"; };
		D02C008A1CF0721000B2989C /* TCOCondition.m */ = {isa = PBXFileReference; fileEncoding = 4; lastKnownFileType = sourcecode.c.objc; name = TCOCondition.m; path = Model/CoreData/Entity/TCOCondition.m; sourceTree = "<group>"; };
		D02C00A21CF0726D00B2989C /* TCOCoreDataEntity.h */ = {isa = PBXFileReference; lastKnownFileType = sourcecode.c.h; name = TCOCoreDataEntity.h; path = Model/CoreData/Entity/TCOCoreDataEntity.h; sourceTree = "<group>"; };
		D02C00AB1CF087B200B2989C /* OWMClient.swift */ = {isa = PBXFileReference; fileEncoding = 4; lastKnownFileType = sourcecode.swift; name = OWMClient.swift; path = Service/Network/OWMClient.swift; sourceTree = "<group>"; };
		D02C00B01CF09AE500B2989C /* TCOLocationService.h */ = {isa = PBXFileReference; fileEncoding = 4; lastKnownFileType = sourcecode.c.h; name = TCOLocationService.h; path = Service/Location/TCOLocationService.h; sourceTree = "<group>"; };
		D02C00B11CF09AE500B2989C /* TCOLocationService.m */ = {isa = PBXFileReference; fileEncoding = 4; lastKnownFileType = sourcecode.c.objc; name = TCOLocationService.m; path = Service/Location/TCOLocationService.m; sourceTree = "<group>"; };
		D02C00B81CF0B13600B2989C /* RKValueTransformer+TCOMethod.h */ = {isa = PBXFileReference; fileEncoding = 4; lastKnownFileType = sourcecode.c.h; name = "RKValueTransformer+TCOMethod.h"; path = "Category/RKValueTransformer+TCOMethod.h"; sourceTree = "<group>"; };
		D02C00B91CF0B13600B2989C /* RKValueTransformer+TCOMethod.m */ = {isa = PBXFileReference; fileEncoding = 4; lastKnownFileType = sourcecode.c.objc; name = "RKValueTransformer+TCOMethod.m"; path = "Category/RKValueTransformer+TCOMethod.m"; sourceTree = "<group>"; };
		D02C00BB1CF0B9A000B2989C /* NSManagedObject+Fetch.h */ = {isa = PBXFileReference; fileEncoding = 4; lastKnownFileType = sourcecode.c.h; name = "NSManagedObject+Fetch.h"; path = "Model/CoreData/Entity/NSManagedObject+Fetch.h"; sourceTree = "<group>"; };
		D02C00BC1CF0B9A000B2989C /* NSManagedObject+Fetch.m */ = {isa = PBXFileReference; fileEncoding = 4; lastKnownFileType = sourcecode.c.objc; name = "NSManagedObject+Fetch.m"; path = "Model/CoreData/Entity/NSManagedObject+Fetch.m"; sourceTree = "<group>"; };
		D02C00BE1CF0BF5C00B2989C /* String+TCOMethod.swift */ = {isa = PBXFileReference; fileEncoding = 4; lastKnownFileType = sourcecode.swift; name = "String+TCOMethod.swift"; path = "Category/String+TCOMethod.swift"; sourceTree = "<group>"; };
		D02C00C01CF0C4D500B2989C /* TCOForecastViewController.swift */ = {isa = PBXFileReference; fileEncoding = 4; lastKnownFileType = sourcecode.swift; name = TCOForecastViewController.swift; path = ViewControllers/TCOForecastViewController.swift; sourceTree = "<group>"; };
		D02C00C41CF0C96A00B2989C /* TCOBaseTableViewCell.swift */ = {isa = PBXFileReference; fileEncoding = 4; lastKnownFileType = sourcecode.swift; name = TCOBaseTableViewCell.swift; path = View/Cell/TCOBaseTableViewCell.swift; sourceTree = "<group>"; };
		D02C00C61CF0C98E00B2989C /* TCOForecastTableViewCell.swift */ = {isa = PBXFileReference; fileEncoding = 4; lastKnownFileType = sourcecode.swift; name = TCOForecastTableViewCell.swift; path = View/Cell/TCOForecastTableViewCell.swift; sourceTree = "<group>"; };
		D02C00CB1CF0E2A300B2989C /* TCOWeatherDateFormatter.h */ = {isa = PBXFileReference; fileEncoding = 4; lastKnownFileType = sourcecode.c.h; name = TCOWeatherDateFormatter.h; path = Model/Formatter/TCOWeatherDateFormatter.h; sourceTree = "<group>"; };
		D02C00CC1CF0E2A300B2989C /* TCOWeatherDateFormatter.m */ = {isa = PBXFileReference; fileEncoding = 4; lastKnownFileType = sourcecode.c.objc; name = TCOWeatherDateFormatter.m; path = Model/Formatter/TCOWeatherDateFormatter.m; sourceTree = "<group>"; };
		D02C00CE1CF0F12A00B2989C /* TCOUserSettings+CoreDataProperties.h */ = {isa = PBXFileReference; fileEncoding = 4; lastKnownFileType = sourcecode.c.h; name = "TCOUserSettings+CoreDataProperties.h"; path = "Model/CoreData/Entity/TCOUserSettings+CoreDataProperties.h"; sourceTree = "<group>"; };
		D02C00CF1CF0F12A00B2989C /* TCOUserSettings+CoreDataProperties.m */ = {isa = PBXFileReference; fileEncoding = 4; lastKnownFileType = sourcecode.c.objc; name = "TCOUserSettings+CoreDataProperties.m"; path = "Model/CoreData/Entity/TCOUserSettings+CoreDataProperties.m"; sourceTree = "<group>"; };
		D02C00D01CF0F12A00B2989C /* TCOUserSettings.h */ = {isa = PBXFileReference; fileEncoding = 4; lastKnownFileType = sourcecode.c.h; name = TCOUserSettings.h; path = Model/CoreData/Entity/TCOUserSettings.h; sourceTree = "<group>"; };
		D02C00D11CF0F12A00B2989C /* TCOUserSettings.m */ = {isa = PBXFileReference; fileEncoding = 4; lastKnownFileType = sourcecode.c.objc; name = TCOUserSettings.m; path = Model/CoreData/Entity/TCOUserSettings.m; sourceTree = "<group>"; };
		D02C00D21CF0F12A00B2989C /* TCOCity+CoreDataProperties.h */ = {isa = PBXFileReference; fileEncoding = 4; lastKnownFileType = sourcecode.c.h; name = "TCOCity+CoreDataProperties.h"; path = "Model/CoreData/Entity/TCOCity+CoreDataProperties.h"; sourceTree = "<group>"; };
		D02C00D31CF0F12A00B2989C /* TCOCity+CoreDataProperties.m */ = {isa = PBXFileReference; fileEncoding = 4; lastKnownFileType = sourcecode.c.objc; name = "TCOCity+CoreDataProperties.m"; path = "Model/CoreData/Entity/TCOCity+CoreDataProperties.m"; sourceTree = "<group>"; };
		D02C00D41CF0F12A00B2989C /* TCOCity.h */ = {isa = PBXFileReference; fileEncoding = 4; lastKnownFileType = sourcecode.c.h; name = TCOCity.h; path = Model/CoreData/Entity/TCOCity.h; sourceTree = "<group>"; };
		D02C00D51CF0F12A00B2989C /* TCOCity.m */ = {isa = PBXFileReference; fileEncoding = 4; lastKnownFileType = sourcecode.c.objc; name = TCOCity.m; path = Model/CoreData/Entity/TCOCity.m; sourceTree = "<group>"; };
		D02C00DA1CF0F73900B2989C /* TCOCityListViewController.swift */ = {isa = PBXFileReference; fileEncoding = 4; lastKnownFileType = sourcecode.swift; name = TCOCityListViewController.swift; path = ViewControllers/TCOCityListViewController.swift; sourceTree = "<group>"; };
		D02C00DC1CF0FC6D00B2989C /* DefaultCityList.plist */ = {isa = PBXFileReference; fileEncoding = 4; lastKnownFileType = text.plist.xml; name = DefaultCityList.plist; path = Resource/DefaultCityList.plist; sourceTree = "<group>"; };
		D07CE4571CF103F5004E1048 /* TCONewCityViewController.swift */ = {isa = PBXFileReference; fileEncoding = 4; lastKnownFileType = sourcecode.swift; name = TCONewCityViewController.swift; path = ViewControllers/TCONewCityViewController.swift; sourceTree = "<group>"; };
		D07CE4591CF10F0B004E1048 /* UIView+Parallax.h */ = {isa = PBXFileReference; fileEncoding = 4; lastKnownFileType = sourcecode.c.h; name = "UIView+Parallax.h"; path = "Category/UIView+Parallax.h"; sourceTree = "<group>"; };
		D07CE45A1CF10F0B004E1048 /* UIView+Parallax.m */ = {isa = PBXFileReference; fileEncoding = 4; lastKnownFileType = sourcecode.c.objc; name = "UIView+Parallax.m"; path = "Category/UIView+Parallax.m"; sourceTree = "<group>"; };
/* End PBXFileReference section */

/* Begin PBXFrameworksBuildPhase section */
		D02C004E1CF059CB00B2989C /* Frameworks */ = {
			isa = PBXFrameworksBuildPhase;
			buildActionMask = 2147483647;
			files = (
				133368E7DA2B2A92D3FAD3E2 /* libPods-TCOWeather.a in Frameworks */,
			);
			runOnlyForDeploymentPostprocessing = 0;
		};
/* End PBXFrameworksBuildPhase section */

/* Begin PBXGroup section */
		136FF3AEFCC827D92B8136D9 /* Pods */ = {
			isa = PBXGroup;
			children = (
				B978AE46E7671D285F7DD120 /* Pods-TCOWeather.debug.xcconfig */,
				00F526F7256FDA74482CB1E3 /* Pods-TCOWeather.release.xcconfig */,
			);
			name = Pods;
			sourceTree = "<group>";
		};
		D02C00481CF059CA00B2989C = {
			isa = PBXGroup;
			children = (
				D02C00531CF059CB00B2989C /* TCOWeather */,
				D02C00521CF059CB00B2989C /* Products */,
				136FF3AEFCC827D92B8136D9 /* Pods */,
				E8F30C6F98CA60FEF725A4EC /* Frameworks */,
			);
			sourceTree = "<group>";
		};
		D02C00521CF059CB00B2989C /* Products */ = {
			isa = PBXGroup;
			children = (
				D02C00511CF059CB00B2989C /* TCOWeather.app */,
			);
			name = Products;
			sourceTree = "<group>";
		};
		D02C00531CF059CB00B2989C /* TCOWeather */ = {
			isa = PBXGroup;
			children = (
				D02C00C21CF0C93300B2989C /* View */,
				D02C00B71CF0B10800B2989C /* Category */,
				D02C00A31CF0733500B2989C /* Service */,
				D02C00751CF0680700B2989C /* Resource */,
				D02C00741CF067FD00B2989C /* App */,
				D02C006F1CF0679D00B2989C /* Factory */,
				D02C00691CF0672E00B2989C /* Model */,
				D02C00661CF061DC00B2989C /* ViewControllers */,
			);
			path = TCOWeather;
			sourceTree = "<group>";
		};
		D02C00661CF061DC00B2989C /* ViewControllers */ = {
			isa = PBXGroup;
			children = (
				D02C00561CF059CD00B2989C /* TCOBaseViewController.swift */,
				D02C00671CF0621500B2989C /* TCOHomePageViewController.swift */,
				D02C00C01CF0C4D500B2989C /* TCOForecastViewController.swift */,
				D02C00DA1CF0F73900B2989C /* TCOCityListViewController.swift */,
				D07CE4571CF103F5004E1048 /* TCONewCityViewController.swift */,
			);
			name = ViewControllers;
			sourceTree = "<group>";
		};
		D02C00691CF0672E00B2989C /* Model */ = {
			isa = PBXGroup;
			children = (
				D02C00CA1CF0E27700B2989C /* Formatter */,
				D02C00AD1CF0955000B2989C /* RKValueTransformer */,
				D02C006A1CF0673300B2989C /* CoreData */,
			);
			name = Model;
			sourceTree = "<group>";
		};
		D02C006A1CF0673300B2989C /* CoreData */ = {
			isa = PBXGroup;
			children = (
				D02C00761CF071E400B2989C /* Entities */,
				D02C006B1CF0675400B2989C /* TCOModel.xcdatamodeld */,
			);
			name = CoreData;
			sourceTree = "<group>";
		};
		D02C006F1CF0679D00B2989C /* Factory */ = {
			isa = PBXGroup;
			children = (
				D02C00711CF067EC00B2989C /* TCOWeatherIconFactory.h */,
				D02C00721CF067EC00B2989C /* TCOWeatherIconFactory.m */,
			);
			name = Factory;
			sourceTree = "<group>";
		};
		D02C00741CF067FD00B2989C /* App */ = {
			isa = PBXGroup;
			children = (
				D02C00601CF059CF00B2989C /* Info.plist */,
				D02C00541CF059CC00B2989C /* AppDelegate.swift */,
				D02C00701CF067EC00B2989C /* TCOWeather-Bridging-Header.h */,
			);
			name = App;
			sourceTree = "<group>";
		};
		D02C00751CF0680700B2989C /* Resource */ = {
			isa = PBXGroup;
			children = (
				D02C00581CF059CE00B2989C /* Main.storyboard */,
				D02C005B1CF059CF00B2989C /* Assets.xcassets */,
				D02C005D1CF059CF00B2989C /* LaunchScreen.storyboard */,
				D02C00DC1CF0FC6D00B2989C /* DefaultCityList.plist */,
			);
			name = Resource;
			sourceTree = "<group>";
		};
		D02C00761CF071E400B2989C /* Entities */ = {
			isa = PBXGroup;
			children = (
				D02C00A11CF0722100B2989C /* Category */,
				D02C00891CF0721000B2989C /* TCOCondition.h */,
				D02C008A1CF0721000B2989C /* TCOCondition.m */,
				D02C00D41CF0F12A00B2989C /* TCOCity.h */,
				D02C00D51CF0F12A00B2989C /* TCOCity.m */,
				D02C00CF1CF0F12A00B2989C /* TCOUserSettings+CoreDataProperties.m */,
				D02C00D01CF0F12A00B2989C /* TCOUserSettings.h */,
				D02C00D11CF0F12A00B2989C /* TCOUserSettings.m */,
				D02C00A21CF0726D00B2989C /* TCOCoreDataEntity.h */,
			);
			name = Entities;
			sourceTree = "<group>";
		};
		D02C00A11CF0722100B2989C /* Category */ = {
			isa = PBXGroup;
			children = (
				D02C00871CF0721000B2989C /* TCOCondition+CoreDataProperties.h */,
				D02C00881CF0721000B2989C /* TCOCondition+CoreDataProperties.m */,
				D02C00BB1CF0B9A000B2989C /* NSManagedObject+Fetch.h */,
				D02C00BC1CF0B9A000B2989C /* NSManagedObject+Fetch.m */,
				D02C00CE1CF0F12A00B2989C /* TCOUserSettings+CoreDataProperties.h */,
				D02C00D21CF0F12A00B2989C /* TCOCity+CoreDataProperties.h */,
				D02C00D31CF0F12A00B2989C /* TCOCity+CoreDataProperties.m */,
			);
			name = Category;
			sourceTree = "<group>";
		};
		D02C00A31CF0733500B2989C /* Service */ = {
			isa = PBXGroup;
			children = (
				D02C00AF1CF09AC600B2989C /* Location */,
				D02C00A41CF0733C00B2989C /* Network */,
			);
			name = Service;
			sourceTree = "<group>";
		};
		D02C00A41CF0733C00B2989C /* Network */ = {
			isa = PBXGroup;
			children = (
				D02C00AB1CF087B200B2989C /* OWMClient.swift */,
			);
			name = Network;
			sourceTree = "<group>";
		};
		D02C00AD1CF0955000B2989C /* RKValueTransformer */ = {
			isa = PBXGroup;
			children = (
			);
			name = RKValueTransformer;
			sourceTree = "<group>";
		};
		D02C00AF1CF09AC600B2989C /* Location */ = {
			isa = PBXGroup;
			children = (
				D02C00B01CF09AE500B2989C /* TCOLocationService.h */,
				D02C00B11CF09AE500B2989C /* TCOLocationService.m */,
			);
			name = Location;
			sourceTree = "<group>";
		};
		D02C00B71CF0B10800B2989C /* Category */ = {
			isa = PBXGroup;
			children = (
				D02C00B81CF0B13600B2989C /* RKValueTransformer+TCOMethod.h */,
				D02C00B91CF0B13600B2989C /* RKValueTransformer+TCOMethod.m */,
				D02C00BE1CF0BF5C00B2989C /* String+TCOMethod.swift */,
				D07CE4591CF10F0B004E1048 /* UIView+Parallax.h */,
				D07CE45A1CF10F0B004E1048 /* UIView+Parallax.m */,
			);
			name = Category;
			sourceTree = "<group>";
		};
		D02C00C21CF0C93300B2989C /* View */ = {
			isa = PBXGroup;
			children = (
				D02C00C31CF0C93800B2989C /* Cell */,
			);
			name = View;
			sourceTree = "<group>";
		};
		D02C00C31CF0C93800B2989C /* Cell */ = {
			isa = PBXGroup;
			children = (
				D02C00C41CF0C96A00B2989C /* TCOBaseTableViewCell.swift */,
				D02C00C61CF0C98E00B2989C /* TCOForecastTableViewCell.swift */,
			);
			name = Cell;
			sourceTree = "<group>";
		};
		D02C00CA1CF0E27700B2989C /* Formatter */ = {
			isa = PBXGroup;
			children = (
				D02C00CB1CF0E2A300B2989C /* TCOWeatherDateFormatter.h */,
				D02C00CC1CF0E2A300B2989C /* TCOWeatherDateFormatter.m */,
			);
			name = Formatter;
			sourceTree = "<group>";
		};
		E8F30C6F98CA60FEF725A4EC /* Frameworks */ = {
			isa = PBXGroup;
			children = (
				262FC980F6F1A1D826DAA2D9 /* libPods-TCOWeather.a */,
			);
			name = Frameworks;
			sourceTree = "<group>";
		};
/* End PBXGroup section */

/* Begin PBXNativeTarget section */
		D02C00501CF059CB00B2989C /* TCOWeather */ = {
			isa = PBXNativeTarget;
			buildConfigurationList = D02C00631CF059CF00B2989C /* Build configuration list for PBXNativeTarget "TCOWeather" */;
			buildPhases = (
				F54B6A46F24C98BBD7C36DF8 /* Check Pods Manifest.lock */,
				D02C004D1CF059CB00B2989C /* Sources */,
				D02C004E1CF059CB00B2989C /* Frameworks */,
				D02C004F1CF059CB00B2989C /* Resources */,
				8C81581088017E01204B6797 /* Embed Pods Frameworks */,
				D07206B55CDA5ED22EBA5705 /* Copy Pods Resources */,
			);
			buildRules = (
			);
			dependencies = (
			);
			name = TCOWeather;
			productName = TCOWeather;
			productReference = D02C00511CF059CB00B2989C /* TCOWeather.app */;
			productType = "com.apple.product-type.application";
		};
/* End PBXNativeTarget section */

/* Begin PBXProject section */
		D02C00491CF059CA00B2989C /* Project object */ = {
			isa = PBXProject;
			attributes = {
				LastSwiftUpdateCheck = 0730;
				LastUpgradeCheck = 0730;
				ORGANIZATIONNAME = neilg;
				TargetAttributes = {
					D02C00501CF059CB00B2989C = {
						CreatedOnToolsVersion = 7.3.1;
					};
				};
			};
			buildConfigurationList = D02C004C1CF059CA00B2989C /* Build configuration list for PBXProject "TCOWeather" */;
			compatibilityVersion = "Xcode 3.2";
			developmentRegion = English;
			hasScannedForEncodings = 0;
			knownRegions = (
				en,
				Base,
			);
			mainGroup = D02C00481CF059CA00B2989C;
			productRefGroup = D02C00521CF059CB00B2989C /* Products */;
			projectDirPath = "";
			projectRoot = "";
			targets = (
				D02C00501CF059CB00B2989C /* TCOWeather */,
			);
		};
/* End PBXProject section */

/* Begin PBXResourcesBuildPhase section */
		D02C004F1CF059CB00B2989C /* Resources */ = {
			isa = PBXResourcesBuildPhase;
			buildActionMask = 2147483647;
			files = (
				D02C005F1CF059CF00B2989C /* LaunchScreen.storyboard in Resources */,
				D02C00DD1CF0FC6D00B2989C /* DefaultCityList.plist in Resources */,
				D02C005C1CF059CF00B2989C /* Assets.xcassets in Resources */,
				D02C005A1CF059CE00B2989C /* Main.storyboard in Resources */,
			);
			runOnlyForDeploymentPostprocessing = 0;
		};
/* End PBXResourcesBuildPhase section */

/* Begin PBXShellScriptBuildPhase section */
		8C81581088017E01204B6797 /* Embed Pods Frameworks */ = {
			isa = PBXShellScriptBuildPhase;
			buildActionMask = 2147483647;
			files = (
			);
			inputPaths = (
			);
			name = "Embed Pods Frameworks";
			outputPaths = (
			);
			runOnlyForDeploymentPostprocessing = 0;
			shellPath = /bin/sh;
			shellScript = "\"${SRCROOT}/Pods/Target Support Files/Pods-TCOWeather/Pods-TCOWeather-frameworks.sh\"\n";
			showEnvVarsInLog = 0;
		};
		D07206B55CDA5ED22EBA5705 /* Copy Pods Resources */ = {
			isa = PBXShellScriptBuildPhase;
			buildActionMask = 2147483647;
			files = (
			);
			inputPaths = (
			);
			name = "Copy Pods Resources";
			outputPaths = (
			);
			runOnlyForDeploymentPostprocessing = 0;
			shellPath = /bin/sh;
			shellScript = "\"${SRCROOT}/Pods/Target Support Files/Pods-TCOWeather/Pods-TCOWeather-resources.sh\"\n";
			showEnvVarsInLog = 0;
		};
		F54B6A46F24C98BBD7C36DF8 /* Check Pods Manifest.lock */ = {
			isa = PBXShellScriptBuildPhase;
			buildActionMask = 2147483647;
			files = (
			);
			inputPaths = (
			);
			name = "Check Pods Manifest.lock";
			outputPaths = (
			);
			runOnlyForDeploymentPostprocessing = 0;
			shellPath = /bin/sh;
			shellScript = "diff \"${PODS_ROOT}/../Podfile.lock\" \"${PODS_ROOT}/Manifest.lock\" > /dev/null\nif [[ $? != 0 ]] ; then\n    cat << EOM\nerror: The sandbox is not in sync with the Podfile.lock. Run 'pod install' or update your CocoaPods installation.\nEOM\n    exit 1\nfi\n";
			showEnvVarsInLog = 0;
		};
/* End PBXShellScriptBuildPhase section */

/* Begin PBXSourcesBuildPhase section */
		D02C004D1CF059CB00B2989C /* Sources */ = {
			isa = PBXSourcesBuildPhase;
			buildActionMask = 2147483647;
			files = (
				D02C006D1CF0675400B2989C /* TCOModel.xcdatamodeld in Sources */,
				D02C00571CF059CD00B2989C /* TCOBaseViewController.swift in Sources */,
				D02C00C71CF0C98E00B2989C /* TCOForecastTableViewCell.swift in Sources */,
				D02C00681CF0621500B2989C /* TCOHomePageViewController.swift in Sources */,
				D02C00D81CF0F12A00B2989C /* TCOCity+CoreDataProperties.m in Sources */,
				D07CE4581CF103F5004E1048 /* TCONewCityViewController.swift in Sources */,
				D02C00D61CF0F12A00B2989C /* TCOUserSettings+CoreDataProperties.m in Sources */,
				D07CE45B1CF10F0B004E1048 /* UIView+Parallax.m in Sources */,
				D02C00B21CF09AE500B2989C /* TCOLocationService.m in Sources */,
				D02C009B1CF0721000B2989C /* TCOCondition+CoreDataProperties.m in Sources */,
				D02C00AC1CF087B200B2989C /* OWMClient.swift in Sources */,
				D02C00551CF059CC00B2989C /* AppDelegate.swift in Sources */,
				D02C00BA1CF0B13600B2989C /* RKValueTransformer+TCOMethod.m in Sources */,
				D02C00D91CF0F12A00B2989C /* TCOCity.m in Sources */,
				D02C00CD1CF0E2A300B2989C /* TCOWeatherDateFormatter.m in Sources */,
				D02C00C51CF0C96A00B2989C /* TCOBaseTableViewCell.swift in Sources */,
				D02C00C11CF0C4D500B2989C /* TCOForecastViewController.swift in Sources */,
				D02C00BF1CF0BF5C00B2989C /* String+TCOMethod.swift in Sources */,
				D02C00DB1CF0F73900B2989C /* TCOCityListViewController.swift in Sources */,
				D02C00BD1CF0B9A000B2989C /* NSManagedObject+Fetch.m in Sources */,
				D02C009C1CF0721000B2989C /* TCOCondition.m in Sources */,
				D02C00D71CF0F12A00B2989C /* TCOUserSettings.m in Sources */,
				D02C00731CF067EC00B2989C /* TCOWeatherIconFactory.m in Sources */,
			);
			runOnlyForDeploymentPostprocessing = 0;
		};
/* End PBXSourcesBuildPhase section */

/* Begin PBXVariantGroup section */
		D02C00581CF059CE00B2989C /* Main.storyboard */ = {
			isa = PBXVariantGroup;
			children = (
				D02C00591CF059CE00B2989C /* Base */,
			);
			name = Main.storyboard;
			sourceTree = "<group>";
		};
		D02C005D1CF059CF00B2989C /* LaunchScreen.storyboard */ = {
			isa = PBXVariantGroup;
			children = (
				D02C005E1CF059CF00B2989C /* Base */,
			);
			name = LaunchScreen.storyboard;
			sourceTree = "<group>";
		};
/* End PBXVariantGroup section */

/* Begin XCBuildConfiguration section */
		D02C00611CF059CF00B2989C /* Debug */ = {
			isa = XCBuildConfiguration;
			buildSettings = {
				ALWAYS_SEARCH_USER_PATHS = NO;
				CLANG_ANALYZER_NONNULL = YES;
				CLANG_CXX_LANGUAGE_STANDARD = "gnu++0x";
				CLANG_CXX_LIBRARY = "libc++";
				CLANG_ENABLE_MODULES = YES;
				CLANG_ENABLE_OBJC_ARC = YES;
				CLANG_WARN_BOOL_CONVERSION = YES;
				CLANG_WARN_CONSTANT_CONVERSION = YES;
				CLANG_WARN_DIRECT_OBJC_ISA_USAGE = YES_ERROR;
				CLANG_WARN_EMPTY_BODY = YES;
				CLANG_WARN_ENUM_CONVERSION = YES;
				CLANG_WARN_INT_CONVERSION = YES;
				CLANG_WARN_OBJC_ROOT_CLASS = YES_ERROR;
				CLANG_WARN_UNREACHABLE_CODE = YES;
				CLANG_WARN__DUPLICATE_METHOD_MATCH = YES;
				"CODE_SIGN_IDENTITY[sdk=iphoneos*]" = "iPhone Developer";
				COPY_PHASE_STRIP = NO;
				DEBUG_INFORMATION_FORMAT = dwarf;
				ENABLE_STRICT_OBJC_MSGSEND = YES;
				ENABLE_TESTABILITY = YES;
				GCC_C_LANGUAGE_STANDARD = gnu99;
				GCC_DYNAMIC_NO_PIC = NO;
				GCC_NO_COMMON_BLOCKS = YES;
				GCC_OPTIMIZATION_LEVEL = 0;
				GCC_PREPROCESSOR_DEFINITIONS = (
					"DEBUG=1",
					"$(inherited)",
				);
				GCC_WARN_64_TO_32_BIT_CONVERSION = YES;
				GCC_WARN_ABOUT_RETURN_TYPE = YES_ERROR;
				GCC_WARN_UNDECLARED_SELECTOR = YES;
				GCC_WARN_UNINITIALIZED_AUTOS = YES_AGGRESSIVE;
				GCC_WARN_UNUSED_FUNCTION = YES;
				GCC_WARN_UNUSED_VARIABLE = YES;
				IPHONEOS_DEPLOYMENT_TARGET = 9.3;
				MTL_ENABLE_DEBUG_INFO = YES;
				ONLY_ACTIVE_ARCH = YES;
				SDKROOT = iphoneos;
				SWIFT_OPTIMIZATION_LEVEL = "-Onone";
				TARGETED_DEVICE_FAMILY = "1,2";
			};
			name = Debug;
		};
		D02C00621CF059CF00B2989C /* Release */ = {
			isa = XCBuildConfiguration;
			buildSettings = {
				ALWAYS_SEARCH_USER_PATHS = NO;
				CLANG_ANALYZER_NONNULL = YES;
				CLANG_CXX_LANGUAGE_STANDARD = "gnu++0x";
				CLANG_CXX_LIBRARY = "libc++";
				CLANG_ENABLE_MODULES = YES;
				CLANG_ENABLE_OBJC_ARC = YES;
				CLANG_WARN_BOOL_CONVERSION = YES;
				CLANG_WARN_CONSTANT_CONVERSION = YES;
				CLANG_WARN_DIRECT_OBJC_ISA_USAGE = YES_ERROR;
				CLANG_WARN_EMPTY_BODY = YES;
				CLANG_WARN_ENUM_CONVERSION = YES;
				CLANG_WARN_INT_CONVERSION = YES;
				CLANG_WARN_OBJC_ROOT_CLASS = YES_ERROR;
				CLANG_WARN_UNREACHABLE_CODE = YES;
				CLANG_WARN__DUPLICATE_METHOD_MATCH = YES;
				"CODE_SIGN_IDENTITY[sdk=iphoneos*]" = "iPhone Developer";
				COPY_PHASE_STRIP = NO;
				DEBUG_INFORMATION_FORMAT = "dwarf-with-dsym";
				ENABLE_NS_ASSERTIONS = NO;
				ENABLE_STRICT_OBJC_MSGSEND = YES;
				GCC_C_LANGUAGE_STANDARD = gnu99;
				GCC_NO_COMMON_BLOCKS = YES;
				GCC_WARN_64_TO_32_BIT_CONVERSION = YES;
				GCC_WARN_ABOUT_RETURN_TYPE = YES_ERROR;
				GCC_WARN_UNDECLARED_SELECTOR = YES;
				GCC_WARN_UNINITIALIZED_AUTOS = YES_AGGRESSIVE;
				GCC_WARN_UNUSED_FUNCTION = YES;
				GCC_WARN_UNUSED_VARIABLE = YES;
				IPHONEOS_DEPLOYMENT_TARGET = 9.3;
				MTL_ENABLE_DEBUG_INFO = NO;
				SDKROOT = iphoneos;
				TARGETED_DEVICE_FAMILY = "1,2";
				VALIDATE_PRODUCT = YES;
			};
			name = Release;
		};
		D02C00641CF059CF00B2989C /* Debug */ = {
			isa = XCBuildConfiguration;
			baseConfigurationReference = B978AE46E7671D285F7DD120 /* Pods-TCOWeather.debug.xcconfig */;
			buildSettings = {
				ASSETCATALOG_COMPILER_APPICON_NAME = AppIcon;
				CLANG_ENABLE_MODULES = YES;
				INFOPLIST_FILE = TCOWeather/Info.plist;
				IPHONEOS_DEPLOYMENT_TARGET = 8.0;
				LD_RUNPATH_SEARCH_PATHS = "$(inherited) @executable_path/Frameworks";
				PRODUCT_BUNDLE_IDENTIFIER = com.neilg.TCOWeather;
				PRODUCT_NAME = "$(TARGET_NAME)";
				SWIFT_OBJC_BRIDGING_HEADER = "TCOWeather/TCOWeather-Bridging-Header.h";
				SWIFT_OPTIMIZATION_LEVEL = "-Onone";
			};
			name = Debug;
		};
		D02C00651CF059CF00B2989C /* Release */ = {
			isa = XCBuildConfiguration;
			baseConfigurationReference = 00F526F7256FDA74482CB1E3 /* Pods-TCOWeather.release.xcconfig */;
			buildSettings = {
				ASSETCATALOG_COMPILER_APPICON_NAME = AppIcon;
				CLANG_ENABLE_MODULES = YES;
				INFOPLIST_FILE = TCOWeather/Info.plist;
				IPHONEOS_DEPLOYMENT_TARGET = 8.0;
				LD_RUNPATH_SEARCH_PATHS = "$(inherited) @executable_path/Frameworks";
				PRODUCT_BUNDLE_IDENTIFIER = com.neilg.TCOWeather;
				PRODUCT_NAME = "$(TARGET_NAME)";
				SWIFT_OBJC_BRIDGING_HEADER = "TCOWeather/TCOWeather-Bridging-Header.h";
			};
			name = Release;
		};
/* End XCBuildConfiguration section */

/* Begin XCConfigurationList section */
		D02C004C1CF059CA00B2989C /* Build configuration list for PBXProject "TCOWeather" */ = {
			isa = XCConfigurationList;
			buildConfigurations = (
				D02C00611CF059CF00B2989C /* Debug */,
				D02C00621CF059CF00B2989C /* Release */,
			);
			defaultConfigurationIsVisible = 0;
			defaultConfigurationName = Release;
		};
		D02C00631CF059CF00B2989C /* Build configuration list for PBXNativeTarget "TCOWeather" */ = {
			isa = XCConfigurationList;
			buildConfigurations = (
				D02C00641CF059CF00B2989C /* Debug */,
				D02C00651CF059CF00B2989C /* Release */,
			);
			defaultConfigurationIsVisible = 0;
			defaultConfigurationName = Release;
		};
/* End XCConfigurationList section */

/* Begin XCVersionGroup section */
		D02C006B1CF0675400B2989C /* TCOModel.xcdatamodeld */ = {
			isa = XCVersionGroup;
			children = (
				D02C006C1CF0675400B2989C /* TCOModel.xcdatamodel */,
			);
			currentVersion = D02C006C1CF0675400B2989C /* TCOModel.xcdatamodel */;
			name = TCOModel.xcdatamodeld;
			path = Model/CoreData/TCOModel.xcdatamodeld;
			sourceTree = "<group>";
			versionGroupType = wrapper.xcdatamodel;
		};
/* End XCVersionGroup section */
	};
	rootObject = D02C00491CF059CA00B2989C /* Project object */;
}
